
Microsoft Visual Studio Solution File, Format Version 12.00
# Visual Studio 15
VisualStudioVersion = 15.0.28307.168
MinimumVisualStudioVersion = 10.0.40219.1
Project("{FAE04EC0-301F-11D3-BF4B-00C04F79EFBC}") = "Library.Web.Server", "Library.Web.Server\Library.Web.Server.csproj", "{D4D43863-E6BE-4BC0-B618-A9A9B18EA350}"
EndProject
Project("{FAE04EC0-301F-11D3-BF4B-00C04F79EFBC}") = "Library.Web.Client", "Library.Web.Client\Library.Web.Client.csproj", "{BB41FC15-D08C-4A02-8F54-0D5F3D2FB056}"
EndProject
Project("{FAE04EC0-301F-11D3-BF4B-00C04F79EFBC}") = "Library.Web.Shared", "Library.Web.Shared\Library.Web.Shared.csproj", "{B866103A-5507-4EF0-AA4F-5502729E68BC}"
EndProject
Global
	GlobalSection(SolutionConfigurationPlatforms) = preSolution
		Debug|Any CPU = Debug|Any CPU
		Release|Any CPU = Release|Any CPU
	EndGlobalSection
	GlobalSection(ProjectConfigurationPlatforms) = postSolution
		{D4D43863-E6BE-4BC0-B618-A9A9B18EA350}.Debug|Any CPU.ActiveCfg = Debug|Any CPU
		{D4D43863-E6BE-4BC0-B618-A9A9B18EA350}.Debug|Any CPU.Build.0 = Debug|Any CPU
		{D4D43863-E6BE-4BC0-B618-A9A9B18EA350}.Release|Any CPU.ActiveCfg = Release|Any CPU
		{D4D43863-E6BE-4BC0-B618-A9A9B18EA350}.Release|Any CPU.Build.0 = Release|Any CPU
		{BB41FC15-D08C-4A02-8F54-0D5F3D2FB056}.Debug|Any CPU.ActiveCfg = Debug|Any CPU
		{BB41FC15-D08C-4A02-8F54-0D5F3D2FB056}.Debug|Any CPU.Build.0 = Debug|Any CPU
		{BB41FC15-D08C-4A02-8F54-0D5F3D2FB056}.Release|Any CPU.ActiveCfg = Release|Any CPU
		{BB41FC15-D08C-4A02-8F54-0D5F3D2FB056}.Release|Any CPU.Build.0 = Release|Any CPU
		{B866103A-5507-4EF0-AA4F-5502729E68BC}.Debug|Any CPU.ActiveCfg = Debug|Any CPU
		{B866103A-5507-4EF0-AA4F-5502729E68BC}.Debug|Any CPU.Build.0 = Debug|Any CPU
		{B866103A-5507-4EF0-AA4F-5502729E68BC}.Release|Any CPU.ActiveCfg = Release|Any CPU
		{B866103A-5507-4EF0-AA4F-5502729E68BC}.Release|Any CPU.Build.0 = Release|Any CPU
	EndGlobalSection
	GlobalSection(SolutionProperties) = preSolution
		HideSolutionNode = FALSE
	EndGlobalSection
	GlobalSection(ExtensibilityGlobals) = postSolution
		SolutionGuid = {44E1FE8E-ADE7-4A42-8800-F682DE940F8E}
	EndGlobalSection
EndGlobal
